
Microsoft Visual Studio Solution File, Format Version 11.00
# Visual Studio 2010
Project("{FAE04EC0-301F-11D3-BF4B-00C04F79EFBC}") = "Assembly-CSharp", "Assembly-CSharp.csproj", "{1441cbca-2bd8-a872-756a-0c7bd081f85e}"
EndProject
Project("{FAE04EC0-301F-11D3-BF4B-00C04F79EFBC}") = "FancyScrollView", "FancyScrollView.csproj", "{69dd1821-f291-7592-cbbf-92cbfb3484b3}"
EndProject
Project("{FAE04EC0-301F-11D3-BF4B-00C04F79EFBC}") = "FancyScrollView.Editor", "FancyScrollView.Editor.csproj", "{2c29b053-d78c-efb0-4fe7-aa2809956e85}"
EndProject
Global
	GlobalSection(SolutionConfigurationPlatforms) = preSolution
		Debug|Any CPU = Debug|Any CPU
		Release|Any CPU = Release|Any CPU
	EndGlobalSection
	GlobalSection(ProjectConfigurationPlatforms) = postSolution
		{1441cbca-2bd8-a872-756a-0c7bd081f85e}.Debug|Any CPU.ActiveCfg = Debug|Any CPU
		{1441cbca-2bd8-a872-756a-0c7bd081f85e}.Debug|Any CPU.Build.0 = Debug|Any CPU
		{1441cbca-2bd8-a872-756a-0c7bd081f85e}.Release|Any CPU.ActiveCfg = Release|Any CPU
		{1441cbca-2bd8-a872-756a-0c7bd081f85e}.Release|Any CPU.Build.0 = Release|Any CPU
		{69dd1821-f291-7592-cbbf-92cbfb3484b3}.Debug|Any CPU.ActiveCfg = Debug|Any CPU
		{69dd1821-f291-7592-cbbf-92cbfb3484b3}.Debug|Any CPU.Build.0 = Debug|Any CPU
		{69dd1821-f291-7592-cbbf-92cbfb3484b3}.Release|Any CPU.ActiveCfg = Release|Any CPU
		{69dd1821-f291-7592-cbbf-92cbfb3484b3}.Release|Any CPU.Build.0 = Release|Any CPU
		{2c29b053-d78c-efb0-4fe7-aa2809956e85}.Debug|Any CPU.ActiveCfg = Debug|Any CPU
		{2c29b053-d78c-efb0-4fe7-aa2809956e85}.Debug|Any CPU.Build.0 = Debug|Any CPU
		{2c29b053-d78c-efb0-4fe7-aa2809956e85}.Release|Any CPU.ActiveCfg = Release|Any CPU
		{2c29b053-d78c-efb0-4fe7-aa2809956e85}.Release|Any CPU.Build.0 = Release|Any CPU
	EndGlobalSection
	GlobalSection(SolutionProperties) = preSolution
		HideSolutionNode = FALSE
	EndGlobalSection
EndGlobal
